
Microsoft Visual Studio Solution File, Format Version 12.00
# Visual Studio Version 17
VisualStudioVersion = 17.7.34031.279
MinimumVisualStudioVersion = 10.0.40219.1
Project("{FAE04EC0-301F-11D3-BF4B-00C04F79EFBC}") = "Task 1", "Task 1\Task 1.csproj", "{BA81FF2B-762E-4039-90B8-1505BD5254F0}"
EndProject
Project("{FAE04EC0-301F-11D3-BF4B-00C04F79EFBC}") = "Task2", "Task2\Task2.csproj", "{B7EA488F-BD04-4283-9E8E-633C66AD96DE}"
EndProject
Project("{FAE04EC0-301F-11D3-BF4B-00C04F79EFBC}") = "Task3", "Task3\Task3.csproj", "{DDF8349F-E950-460D-B2E2-AD406330DF59}"
EndProject
Global
	GlobalSection(SolutionConfigurationPlatforms) = preSolution
		Debug|Any CPU = Debug|Any CPU
		Release|Any CPU = Release|Any CPU
	EndGlobalSection
	GlobalSection(ProjectConfigurationPlatforms) = postSolution
		{BA81FF2B-762E-4039-90B8-1505BD5254F0}.Debug|Any CPU.ActiveCfg = Debug|Any CPU
		{BA81FF2B-762E-4039-90B8-1505BD5254F0}.Debug|Any CPU.Build.0 = Debug|Any CPU
		{BA81FF2B-762E-4039-90B8-1505BD5254F0}.Release|Any CPU.ActiveCfg = Release|Any CPU
		{BA81FF2B-762E-4039-90B8-1505BD5254F0}.Release|Any CPU.Build.0 = Release|Any CPU
		{B7EA488F-BD04-4283-9E8E-633C66AD96DE}.Debug|Any CPU.ActiveCfg = Debug|Any CPU
		{B7EA488F-BD04-4283-9E8E-633C66AD96DE}.Debug|Any CPU.Build.0 = Debug|Any CPU
		{B7EA488F-BD04-4283-9E8E-633C66AD96DE}.Release|Any CPU.ActiveCfg = Release|Any CPU
		{B7EA488F-BD04-4283-9E8E-633C66AD96DE}.Release|Any CPU.Build.0 = Release|Any CPU
		{DDF8349F-E950-460D-B2E2-AD406330DF59}.Debug|Any CPU.ActiveCfg = Debug|Any CPU
		{DDF8349F-E950-460D-B2E2-AD406330DF59}.Debug|Any CPU.Build.0 = Debug|Any CPU
		{DDF8349F-E950-460D-B2E2-AD406330DF59}.Release|Any CPU.ActiveCfg = Release|Any CPU
		{DDF8349F-E950-460D-B2E2-AD406330DF59}.Release|Any CPU.Build.0 = Release|Any CPU
	EndGlobalSection
	GlobalSection(SolutionProperties) = preSolution
		HideSolutionNode = FALSE
	EndGlobalSection
	GlobalSection(ExtensibilityGlobals) = postSolution
		SolutionGuid = {7D77B1F7-3AC8-4276-B49B-2184B76E3019}
	EndGlobalSection
EndGlobal
